PODS:
  - TSNAtomicFlag (1.0)
  - TSNExtensions (1.0.5)
  - TSNPeerBluetooth (1.0.6)

DEPENDENCIES:
  - TSNAtomicFlag
  - TSNExtensions
  - TSNPeerBluetooth

SPEC CHECKSUMS:
  TSNAtomicFlag: b7d664aa2c49beaa4510a87e09e8b93f1cfea532
  TSNExtensions: cf0a9d30be0f8be43d9d6a9fd99806ef4407e318
  TSNPeerBluetooth: 513d9d4abc3fb166e7ac4b24757263a238ba3de6

COCOAPODS: 0.37.1
